Microsoft Visual Studio Solution File, Format Version 11.00
# Visual Studio 2008

Project("{31798E33-CFE2-7A3A-693C-92DABB4643F7}") = "BirdBomber", "Assembly-CSharp.csproj", "{7582AC7E-E3E9-073A-8476-0AFDA110F1D4}"
EndProject
Global
	GlobalSection(SolutionConfigurationPlatforms) = preSolution
		Debug|Any CPU = Debug|Any CPU
		Release|Any CPU = Release|Any CPU
	EndGlobalSection
	GlobalSection(ProjectConfigurationPlatforms) = postSolution
		{7582AC7E-E3E9-073A-8476-0AFDA110F1D4}.Debug|Any CPU.ActiveCfg = Debug|Any CPU
		{7582AC7E-E3E9-073A-8476-0AFDA110F1D4}.Debug|Any CPU.Build.0 = Debug|Any CPU
		{7582AC7E-E3E9-073A-8476-0AFDA110F1D4}.Release|Any CPU.ActiveCfg = Release|Any CPU
		{7582AC7E-E3E9-073A-8476-0AFDA110F1D4}.Release|Any CPU.Build.0 = Release|Any CPU
	EndGlobalSection
	GlobalSection(SolutionProperties) = preSolution
		HideSolutionNode = FALSE
	EndGlobalSection
	GlobalSection(MonoDevelopProperties) = preSolution
		StartupItem = Assembly-CSharp.csproj
	EndGlobalSection
EndGlobal
